
Microsoft Visual Studio Solution File, Format Version 12.00
# Visual Studio Version 17
VisualStudioVersion = 17.7.34003.232
MinimumVisualStudioVersion = 10.0.40219.1
Project("{FAE04EC0-301F-11D3-BF4B-00C04F79EFBC}") = "RoomCalculator", "RoomCalculator.csproj", "{1E35C8C9-6482-4A11-9DA3-A5AC919CB537}"
EndProject
Global
	GlobalSection(SolutionConfigurationPlatforms) = preSolution
		Debug|Any CPU = Debug|Any CPU
		Release|Any CPU = Release|Any CPU
	EndGlobalSection
	GlobalSection(ProjectConfigurationPlatforms) = postSolution
		{1E35C8C9-6482-4A11-9DA3-A5AC919CB537}.Debug|Any CPU.ActiveCfg = Debug|Any CPU
		{1E35C8C9-6482-4A11-9DA3-A5AC919CB537}.Debug|Any CPU.Build.0 = Debug|Any CPU
		{1E35C8C9-6482-4A11-9DA3-A5AC919CB537}.Release|Any CPU.ActiveCfg = Release|Any CPU
		{1E35C8C9-6482-4A11-9DA3-A5AC919CB537}.Release|Any CPU.Build.0 = Release|Any CPU
	EndGlobalSection
	GlobalSection(SolutionProperties) = preSolution
		HideSolutionNode = FALSE
	EndGlobalSection
	GlobalSection(ExtensibilityGlobals) = postSolution
		SolutionGuid = {7264214E-CA42-4599-B843-C5B7EA78B1A9}
	EndGlobalSection
EndGlobal
